github.com/getlantern/deepcopy v0.0.0-20160317154340-7f45deb8130a/go.mod h1:AEugkNu3BjBxyz958nJ5holD9PRjta6iprcoUauDbU4=
github.com/oliamb/cutter v0.2.2 h1:Lfwkya0HHNU1YLnGv2hTkzHfasrSMkgv4Dn+5rmlk3k=
github.com/oliamb/cutter v0.2.2/go.mod h1:4BenG2/4GuRBDbVm/OPahDVqbrOemzpPiG5mi1iryBU=
github.com/pkg/errors v0.9.1 h1:FEBLx1zS214owpjy7qsBeixbURkuhQAwrK5UwLGTwt4=
github.com/pkg/errors v0.9.1/go.mod h1:bwawxfHBFNV+L2hUp1rHADufV3IMtnDRdf1r5NINEl0=
github.com/wo0lien/projet3TC v0.0.0-20200122222703-e732eb5178a0 h1:E8WxOG6jkiG9EO+ScnEesPTLA5a/wUryoDVbdOrPbR0=
github.com/wo0lien/projet3TC v0.0.0-20200122222703-e732eb5178a0/go.mod h1:Gn8BOffQLwBiyQs+w7lzCw0BjgdK8IzoVVCkQCL8sec=
